{
  "lockfileVersion": 1,
  "configVersion": 1,
  "workspaces": {
    "": {
      "name": "opencode-chat",
      "dependencies": {
        "@opencode-ai/sdk": "^1.3.13",
      },
    },
  },
  "packages": {
    "@opencode-ai/sdk": ["@opencode-ai/sdk@1.3.13", "", {}, "sha512-/M6HlNnba+xf1EId6qFb2tG0cvq0db3PCQDug1glrf8wYOU57LYNF8WvHX9zoDKPTMv0F+O4pcP/8J+WvDaxHA=="],
  }
}
